
Microsoft Visual Studio Solution File, Format Version 12.00
# Visual Studio Version 17
VisualStudioVersion = 17.6.33815.320
MinimumVisualStudioVersion = 10.0.40219.1
Project("{FAE04EC0-301F-11D3-BF4B-00C04F79EFBC}") = "GreenLumaGUI", "GreenLumaGUI.csproj", "{9ACF1BB4-0866-4430-B08A-6B05662EB260}"
EndProject
Global
	GlobalSection(SolutionConfigurationPlatforms) = preSolution
		Debug|Any CPU = Debug|Any CPU
		Release|Any CPU = Release|Any CPU
	EndGlobalSection
	GlobalSection(ProjectConfigurationPlatforms) = postSolution
		{9ACF1BB4-0866-4430-B08A-6B05662EB260}.Debug|Any CPU.ActiveCfg = Debug|Any CPU
		{9ACF1BB4-0866-4430-B08A-6B05662EB260}.Debug|Any CPU.Build.0 = Debug|Any CPU
		{9ACF1BB4-0866-4430-B08A-6B05662EB260}.Release|Any CPU.ActiveCfg = Release|Any CPU
		{9ACF1BB4-0866-4430-B08A-6B05662EB260}.Release|Any CPU.Build.0 = Release|Any CPU
	EndGlobalSection
	GlobalSection(SolutionProperties) = preSolution
		HideSolutionNode = FALSE
	EndGlobalSection
	GlobalSection(ExtensibilityGlobals) = postSolution
		SolutionGuid = {3D99D3BC-8D66-471A-A0AA-EA2DD36521CB}
	EndGlobalSection
EndGlobal
